
Microsoft Visual Studio Solution File, Format Version 12.00
# Visual Studio Version 17
VisualStudioVersion = 17.1.32407.343
MinimumVisualStudioVersion = 10.0.40219.1
Project("{9A19103F-16F7-4668-BE54-9A1E7A4F7556}") = "ReportsConsoleApp", "ReportsConsoleApp\ReportsConsoleApp.csproj", "{7B760208-801F-453C-851F-751670F637C5}"
EndProject
Project("{9A19103F-16F7-4668-BE54-9A1E7A4F7556}") = "ReportsConsoleAppNew", "ReportsConsoleAppNew\ReportsConsoleAppNew.csproj", "{0BFAD9E1-E395-4C50-A2FD-11E903FC4F2F}"
EndProject
Project("{9A19103F-16F7-4668-BE54-9A1E7A4F7556}") = "ReportsWpfAppNew", "ReportsWpfAppNew\ReportsWpfAppNew.csproj", "{9C9DB49D-C5BE-4C6A-915A-258A83427D12}"
EndProject
Project("{9A19103F-16F7-4668-BE54-9A1E7A4F7556}") = "TeklaDisplayInfo", "TeklaDisplayInfo\TeklaDisplayInfo.csproj", "{4CE98A2A-546F-410F-811B-38C7D81126E1}"
EndProject
Project("{9A19103F-16F7-4668-BE54-9A1E7A4F7556}") = "TeklaInfoDisplay_T2016", "TeklaInfoDisplay_T2016\TeklaInfoDisplay_T2016.csproj", "{6F103D48-6459-4606-A1D3-9DAE55DAC206}"
EndProject
Project("{9A19103F-16F7-4668-BE54-9A1E7A4F7556}") = "WpfAppCheck", "WpfAppCheck\WpfAppCheck.csproj", "{6453C8B2-C1C7-47C8-8A24-104E92B9529E}"
EndProject
Project("{9A19103F-16F7-4668-BE54-9A1E7A4F7556}") = "ReportsWpfApp", "ReportsWpfApp\ReportsWpfApp.csproj", "{EB2ED6A1-E8BE-452F-BF8D-F824E8F47534}"
EndProject
Project("{9A19103F-16F7-4668-BE54-9A1E7A4F7556}") = "TeklaInfoDisplay_T2019", "TeklaInfoDisplay_T2019\TeklaInfoDisplay_T2019.csproj", "{7B5A9F09-D51F-4EC3-948A-14365B52333A}"
EndProject
Global
	GlobalSection(SolutionConfigurationPlatforms) = preSolution
		Debug|Any CPU = Debug|Any CPU
		Release|Any CPU = Release|Any CPU
	EndGlobalSection
	GlobalSection(ProjectConfigurationPlatforms) = postSolution
		{7B760208-801F-453C-851F-751670F637C5}.Debug|Any CPU.ActiveCfg = Debug|Any CPU
		{7B760208-801F-453C-851F-751670F637C5}.Debug|Any CPU.Build.0 = Debug|Any CPU
		{7B760208-801F-453C-851F-751670F637C5}.Release|Any CPU.ActiveCfg = Release|Any CPU
		{7B760208-801F-453C-851F-751670F637C5}.Release|Any CPU.Build.0 = Release|Any CPU
		{0BFAD9E1-E395-4C50-A2FD-11E903FC4F2F}.Debug|Any CPU.ActiveCfg = Debug|Any CPU
		{0BFAD9E1-E395-4C50-A2FD-11E903FC4F2F}.Debug|Any CPU.Build.0 = Debug|Any CPU
		{0BFAD9E1-E395-4C50-A2FD-11E903FC4F2F}.Release|Any CPU.ActiveCfg = Release|Any CPU
		{0BFAD9E1-E395-4C50-A2FD-11E903FC4F2F}.Release|Any CPU.Build.0 = Release|Any CPU
		{9C9DB49D-C5BE-4C6A-915A-258A83427D12}.Debug|Any CPU.ActiveCfg = Debug|Any CPU
		{9C9DB49D-C5BE-4C6A-915A-258A83427D12}.Debug|Any CPU.Build.0 = Debug|Any CPU
		{9C9DB49D-C5BE-4C6A-915A-258A83427D12}.Release|Any CPU.ActiveCfg = Release|Any CPU
		{9C9DB49D-C5BE-4C6A-915A-258A83427D12}.Release|Any CPU.Build.0 = Release|Any CPU
		{4CE98A2A-546F-410F-811B-38C7D81126E1}.Debug|Any CPU.ActiveCfg = Debug|Any CPU
		{4CE98A2A-546F-410F-811B-38C7D81126E1}.Debug|Any CPU.Build.0 = Debug|Any CPU
		{4CE98A2A-546F-410F-811B-38C7D81126E1}.Release|Any CPU.ActiveCfg = Release|Any CPU
		{4CE98A2A-546F-410F-811B-38C7D81126E1}.Release|Any CPU.Build.0 = Release|Any CPU
		{6F103D48-6459-4606-A1D3-9DAE55DAC206}.Debug|Any CPU.ActiveCfg = Debug|Any CPU
		{6F103D48-6459-4606-A1D3-9DAE55DAC206}.Debug|Any CPU.Build.0 = Debug|Any CPU
		{6F103D48-6459-4606-A1D3-9DAE55DAC206}.Release|Any CPU.ActiveCfg = Debug|Any CPU
		{6F103D48-6459-4606-A1D3-9DAE55DAC206}.Release|Any CPU.Build.0 = Debug|Any CPU
		{6453C8B2-C1C7-47C8-8A24-104E92B9529E}.Debug|Any CPU.ActiveCfg = Debug|Any CPU
		{6453C8B2-C1C7-47C8-8A24-104E92B9529E}.Debug|Any CPU.Build.0 = Debug|Any CPU
		{6453C8B2-C1C7-47C8-8A24-104E92B9529E}.Release|Any CPU.ActiveCfg = Release|Any CPU
		{6453C8B2-C1C7-47C8-8A24-104E92B9529E}.Release|Any CPU.Build.0 = Release|Any CPU
		{EB2ED6A1-E8BE-452F-BF8D-F824E8F47534}.Debug|Any CPU.ActiveCfg = Debug|Any CPU
		{EB2ED6A1-E8BE-452F-BF8D-F824E8F47534}.Debug|Any CPU.Build.0 = Debug|Any CPU
		{EB2ED6A1-E8BE-452F-BF8D-F824E8F47534}.Release|Any CPU.ActiveCfg = Release|Any CPU
		{EB2ED6A1-E8BE-452F-BF8D-F824E8F47534}.Release|Any CPU.Build.0 = Release|Any CPU
		{7B5A9F09-D51F-4EC3-948A-14365B52333A}.Debug|Any CPU.ActiveCfg = Debug|Any CPU
		{7B5A9F09-D51F-4EC3-948A-14365B52333A}.Debug|Any CPU.Build.0 = Debug|Any CPU
		{7B5A9F09-D51F-4EC3-948A-14365B52333A}.Release|Any CPU.ActiveCfg = Release|Any CPU
		{7B5A9F09-D51F-4EC3-948A-14365B52333A}.Release|Any CPU.Build.0 = Release|Any CPU
	EndGlobalSection
	GlobalSection(SolutionProperties) = preSolution
		HideSolutionNode = FALSE
	EndGlobalSection
	GlobalSection(ExtensibilityGlobals) = postSolution
		SolutionGuid = {9D982544-8708-462A-A3B4-A63B2662486D}
	EndGlobalSection
EndGlobal
